<?xml version="1.0" encoding="utf-8"?>
<Project ToolsVersion="4.0" xmlns="http://schemas.microsoft.com/developer/msbuild/2003">
  <ItemGroup>
    <Filter Include="Source Files">
      <UniqueIdentifier>{4FC737F1-C7A5-4376-A066-2A32D752A2FF}</UniqueIdentifier>
      <Extensions>cpp;c;cc;cxx;c++;cppm;ixx;def;odl;idl;hpj;bat;asm;asmx</Extensions>
    </Filter>
    <Filter Include="Header Files">
      <UniqueIdentifier>{93995380-89BD-4b04-88EB-625FBE52EBFB}</UniqueIdentifier>
      <Extensions>h;hh;hpp;hxx;h++;hm;inl;inc;ipp;xsd</Extensions>
    </Filter>
    <Filter Include="Resource Files">
      <UniqueIdentifier>{67DA6AB6-F800-4c08-8B7A-83BB121AAD01}</UniqueIdentifier>
      <Extensions>rc;ico;cur;bmp;dlg;rc2;rct;bin;rgs;gif;jpg;jpeg;jpe;resx;tiff;tif;png;wav;mfcribbon-ms</Extensions>
    </Filter>
    <Filter Include="Shaders">
      <UniqueIdentifier>{e97394a9-d2ce-4c0c-8389-64522346d9da}</UniqueIdentifier>
    </Filter>
    <Filter Include="Source Files\Libraries">
      <UniqueIdentifier>{724c58f5-434d-4ec1-9b34-b16587b4cde6}</UniqueIdentifier>
    </Filter>
    <Filter Include="Source Files\old">
      <UniqueIdentifier>{57a948ab-3953-44ba-b50c-d026e61e4585}</UniqueIdentifier>
    </Filter>
    <Filter Include="Shaders\spv">
      <UniqueIdentifier>{8761cc1d-f6ff-4ed2-a538-5024a8151df0}</UniqueIdentifier>
    </Filter>
    <Filter Include="Shaders\text">
      <UniqueIdentifier>{4d596378-d45c-4f06-b18e-8fd69a4bc691}</UniqueIdentifier>
    </Filter>
  </ItemGroup>
  <ItemGroup>
    <ClCompile Include="Main.cpp">
      <Filter>Source Files</Filter>
    </ClCompile>
    <ClCompile Include="..\..\..\Libraries\glad\glad.c">
      <Filter>Source Files\Libraries</Filter>
    </ClCompile>
    <ClCompile Include="quick_tests.cpp">
      <Filter>Source Files</Filter>
    </ClCompile>
    <ClCompile Include="Main_spv.cpp">
      <Filter>Source Files</Filter>
    </ClCompile>
  </ItemGroup>
  <ItemGroup>
    <ClInclude Include="utils\camera.h">
      <Filter>Header Files</Filter>
    </ClInclude>
    <ClInclude Include="utils\light.h">
      <Filter>Header Files</Filter>
    </ClInclude>
    <ClInclude Include="utils\mesh.h">
      <Filter>Header Files</Filter>
    </ClInclude>
    <ClInclude Include="utils\model.h">
      <Filter>Header Files</Filter>
    </ClInclude>
    <ClInclude Include="utils\object.h">
      <Filter>Header Files</Filter>
    </ClInclude>
    <ClInclude Include="utils\shader.h">
      <Filter>Header Files</Filter>
    </ClInclude>
    <ClInclude Include="utils\window.h">
      <Filter>Header Files</Filter>
    </ClInclude>
    <ClInclude Include="utils\utils.h">
      <Filter>Header Files</Filter>
    </ClInclude>
    <ClInclude Include="utils\drawable.h">
      <Filter>Header Files</Filter>
    </ClInclude>
    <ClInclude Include="utils\texture.h">
      <Filter>Header Files</Filter>
    </ClInclude>
  </ItemGroup>
  <ItemGroup>
    <None Include="shaders\constants.glsl">
      <Filter>Shaders</Filter>
    </None>
    <None Include="shaders\types.glsl">
      <Filter>Shaders</Filter>
    </None>
    <None Include="shaders\basic.frag">
      <Filter>Shaders\text</Filter>
    </None>
    <None Include="shaders\basic.vert">
      <Filter>Shaders\text</Filter>
    </None>
    <None Include="shaders\deform.vert">
      <Filter>Shaders\text</Filter>
    </None>
    <None Include="shaders\fullcolor.frag">
      <Filter>Shaders\text</Filter>
    </None>
    <None Include="shaders\glow.frag">
      <Filter>Shaders\text</Filter>
    </None>
    <None Include="shaders\illumination_models.frag">
      <Filter>Shaders\text</Filter>
    </None>
    <None Include="shaders\mvp.vert">
      <Filter>Shaders\text</Filter>
    </None>
    <None Include="shaders\noise.frag">
      <Filter>Shaders\text</Filter>
    </None>
    <None Include="shaders\normals.frag">
      <Filter>Shaders\text</Filter>
    </None>
    <None Include="shaders\procedural_base.vert">
      <Filter>Shaders\text</Filter>
    </None>
    <None Include="shaders\random_patterns.frag">
      <Filter>Shaders\text</Filter>
    </None>
    <None Include="shaders\uvs.frag">
      <Filter>Shaders\text</Filter>
    </None>
    <None Include="shaders\spv\buny_lights.frag">
      <Filter>Shaders\spv</Filter>
    </None>
    <None Include="shaders\spv\buny_lights.vert">
      <Filter>Shaders\spv</Filter>
    </None>
  </ItemGroup>
</Project>