<?xml version="1.0" encoding="utf-8"?>
<Project ToolsVersion="4.0" xmlns="http://schemas.microsoft.com/developer/msbuild/2003">
  <ItemGroup>
    <Filter Include="Source Files">
      <UniqueIdentifier>{4FC737F1-C7A5-4376-A066-2A32D752A2FF}</UniqueIdentifier>
      <Extensions>cpp;c;cc;cxx;c++;cppm;ixx;def;odl;idl;hpj;bat;asm;asmx</Extensions>
    </Filter>
    <Filter Include="Header Files">
      <UniqueIdentifier>{93995380-89BD-4b04-88EB-625FBE52EBFB}</UniqueIdentifier>
      <Extensions>h;hh;hpp;hxx;h++;hm;inl;inc;ipp;xsd</Extensions>
    </Filter>
    <Filter Include="Resource Files">
      <UniqueIdentifier>{67DA6AB6-F800-4c08-8B7A-83BB121AAD01}</UniqueIdentifier>
      <Extensions>rc;ico;cur;bmp;dlg;rc2;rct;bin;rgs;gif;jpg;jpeg;jpe;resx;tiff;tif;png;wav;mfcribbon-ms</Extensions>
    </Filter>
    <Filter Include="Shaders">
      <UniqueIdentifier>{e97394a9-d2ce-4c0c-8389-64522346d9da}</UniqueIdentifier>
    </Filter>
    <Filter Include="Source Files\Libraries">
      <UniqueIdentifier>{724c58f5-434d-4ec1-9b34-b16587b4cde6}</UniqueIdentifier>
    </Filter>
    <Filter Include="Source Files\old">
      <UniqueIdentifier>{57a948ab-3953-44ba-b50c-d026e61e4585}</UniqueIdentifier>
    </Filter>
    <Filter Include="Shaders\spv">
      <UniqueIdentifier>{8761cc1d-f6ff-4ed2-a538-5024a8151df0}</UniqueIdentifier>
    </Filter>
    <Filter Include="Source Files\Libraries\imgui">
      <UniqueIdentifier>{d85dde33-c73b-4f1a-ae25-e072ea9203cf}</UniqueIdentifier>
    </Filter>
    <Filter Include="Shaders\text">
      <UniqueIdentifier>{503c538c-2705-497a-9deb-016b2ed940a9}</UniqueIdentifier>
    </Filter>
    <Filter Include="Shaders\text\scene">
      <UniqueIdentifier>{755497bb-a101-4660-a8ee-c949c4480580}</UniqueIdentifier>
    </Filter>
    <Filter Include="Shaders\text\generic">
      <UniqueIdentifier>{3d9a3b77-4b74-40ad-b1c5-7b724c3feec7}</UniqueIdentifier>
    </Filter>
    <Filter Include="Source Files\Libraries\stb_image">
      <UniqueIdentifier>{e3c8b4fe-75a7-436f-9484-3cbee2b2e75e}</UniqueIdentifier>
    </Filter>
    <Filter Include="Header Files\utils">
      <UniqueIdentifier>{345ca657-24f9-4b76-9980-6a687ac5678c}</UniqueIdentifier>
    </Filter>
    <Filter Include="Header Files\utils\scene">
      <UniqueIdentifier>{34e2fd4a-248c-4f43-b37d-917ca88dfc0d}</UniqueIdentifier>
    </Filter>
    <Filter Include="Header Files\utils\components">
      <UniqueIdentifier>{85af7629-f612-4ce0-ade6-a7b5781f0615}</UniqueIdentifier>
    </Filter>
    <Filter Include="Source Files\utils">
      <UniqueIdentifier>{6c8de759-7066-4173-8f1b-c3a0ede1535d}</UniqueIdentifier>
    </Filter>
    <Filter Include="Source Files\utils\scene">
      <UniqueIdentifier>{40570fbc-c4c6-4956-a6fb-a21fb5fc9e2d}</UniqueIdentifier>
    </Filter>
  </ItemGroup>
  <ItemGroup>
    <ClCompile Include="Main.cpp">
      <Filter>Source Files</Filter>
    </ClCompile>
    <ClCompile Include="..\..\..\Libraries\glad\glad.c">
      <Filter>Source Files\Libraries</Filter>
    </ClCompile>
    <ClCompile Include="quick_tests.cpp">
      <Filter>Source Files</Filter>
    </ClCompile>
    <ClCompile Include="..\..\..\Libraries\imgui-1.88\imgui.cpp">
      <Filter>Source Files\Libraries\imgui</Filter>
    </ClCompile>
    <ClCompile Include="..\..\..\Libraries\imgui-1.88\imgui_draw.cpp">
      <Filter>Source Files\Libraries\imgui</Filter>
    </ClCompile>
    <ClCompile Include="..\..\..\Libraries\imgui-1.88\imgui_tables.cpp">
      <Filter>Source Files\Libraries\imgui</Filter>
    </ClCompile>
    <ClCompile Include="..\..\..\Libraries\imgui-1.88\imgui_widgets.cpp">
      <Filter>Source Files\Libraries\imgui</Filter>
    </ClCompile>
    <ClCompile Include="..\..\..\Libraries\imgui-1.88\backends\imgui_impl_opengl3.cpp">
      <Filter>Source Files\Libraries\imgui</Filter>
    </ClCompile>
    <ClCompile Include="..\..\..\Libraries\imgui-1.88\backends\imgui_impl_glfw.cpp">
      <Filter>Source Files\Libraries\imgui</Filter>
    </ClCompile>
    <ClCompile Include="stb_image.cpp">
      <Filter>Source Files\Libraries\stb_image</Filter>
    </ClCompile>
    <ClCompile Include="Main_spv.cpp">
      <Filter>Source Files\old</Filter>
    </ClCompile>
    <ClCompile Include="utils\scene\scene.cpp">
      <Filter>Source Files\utils\scene</Filter>
    </ClCompile>
    <ClCompile Include="utils\scene\entity.cpp">
      <Filter>Source Files\utils\scene</Filter>
    </ClCompile>
  </ItemGroup>
  <ItemGroup>
    <ClInclude Include="utils\scene\camera.h">
      <Filter>Header Files\utils\scene</Filter>
    </ClInclude>
    <ClInclude Include="utils\scene\entity.h">
      <Filter>Header Files\utils\scene</Filter>
    </ClInclude>
    <ClInclude Include="utils\scene\light.h">
      <Filter>Header Files\utils\scene</Filter>
    </ClInclude>
    <ClInclude Include="utils\mesh.h">
      <Filter>Header Files\utils</Filter>
    </ClInclude>
    <ClInclude Include="utils\model.h">
      <Filter>Header Files\utils</Filter>
    </ClInclude>
    <ClInclude Include="utils\shader.h">
      <Filter>Header Files\utils</Filter>
    </ClInclude>
    <ClInclude Include="utils\texture.h">
      <Filter>Header Files\utils</Filter>
    </ClInclude>
    <ClInclude Include="utils\utils.h">
      <Filter>Header Files\utils</Filter>
    </ClInclude>
    <ClInclude Include="utils\window.h">
      <Filter>Header Files\utils</Filter>
    </ClInclude>
    <ClInclude Include="utils\scene\scene.h">
      <Filter>Header Files\utils\scene</Filter>
    </ClInclude>
    <ClInclude Include="utils\physics.h">
      <Filter>Header Files\utils</Filter>
    </ClInclude>
    <ClInclude Include="utils\material.h">
      <Filter>Header Files\utils</Filter>
    </ClInclude>
    <ClInclude Include="utils\input.h">
      <Filter>Header Files\utils</Filter>
    </ClInclude>
    <ClInclude Include="utils\component.h">
      <Filter>Header Files\utils</Filter>
    </ClInclude>
    <ClInclude Include="utils\components\rigidbody_component.h">
      <Filter>Header Files\utils\components</Filter>
    </ClInclude>
    <ClInclude Include="utils\transform.h">
      <Filter>Header Files\utils</Filter>
    </ClInclude>
    <ClInclude Include="utils\framebuffer.h">
      <Filter>Header Files\utils</Filter>
    </ClInclude>
    <ClInclude Include="utils\components\paintable_component.h">
      <Filter>Header Files\utils\components</Filter>
    </ClInclude>
    <ClInclude Include="utils\oop.h">
      <Filter>Header Files\utils</Filter>
    </ClInclude>
    <ClInclude Include="utils\io.h">
      <Filter>Header Files\utils</Filter>
    </ClInclude>
  </ItemGroup>
  <ItemGroup>
    <None Include="shaders\constants.glsl">
      <Filter>Shaders</Filter>
    </None>
    <None Include="shaders\types.glsl">
      <Filter>Shaders</Filter>
    </None>
    <None Include="shaders\spv\buny_lights.frag">
      <Filter>Shaders\spv</Filter>
    </None>
    <None Include="shaders\spv\buny_lights.vert">
      <Filter>Shaders\spv</Filter>
    </None>
    <None Include="shaders\text\scene\floor.frag">
      <Filter>Shaders\text\scene</Filter>
    </None>
    <None Include="shaders\text\scene\floor.vert">
      <Filter>Shaders\text\scene</Filter>
    </None>
    <None Include="shaders\text\generic\basic.frag">
      <Filter>Shaders\text\generic</Filter>
    </None>
    <None Include="shaders\text\generic\basic.vert">
      <Filter>Shaders\text\generic</Filter>
    </None>
    <None Include="shaders\text\generic\BP_normal_mapping.frag">
      <Filter>Shaders\text\generic</Filter>
    </None>
    <None Include="shaders\text\generic\BP_normal_mapping.vert">
      <Filter>Shaders\text\generic</Filter>
    </None>
    <None Include="shaders\text\generic\BP_parallax_mapping.frag">
      <Filter>Shaders\text\generic</Filter>
    </None>
    <None Include="shaders\text\generic\BP_parallax_mapping.vert">
      <Filter>Shaders\text\generic</Filter>
    </None>
    <None Include="shaders\text\generic\deform.vert">
      <Filter>Shaders\text\generic</Filter>
    </None>
    <None Include="shaders\text\generic\fullcolor.frag">
      <Filter>Shaders\text\generic</Filter>
    </None>
    <None Include="shaders\text\generic\glow.frag">
      <Filter>Shaders\text\generic</Filter>
    </None>
    <None Include="shaders\text\generic\illumination_models.frag">
      <Filter>Shaders\text\generic</Filter>
    </None>
    <None Include="shaders\text\generic\illumination_models.vert">
      <Filter>Shaders\text\generic</Filter>
    </None>
    <None Include="shaders\text\generic\illumination_models_tx.frag">
      <Filter>Shaders\text\generic</Filter>
    </None>
    <None Include="shaders\text\generic\illumination_models_tx.vert">
      <Filter>Shaders\text\generic</Filter>
    </None>
    <None Include="shaders\text\generic\mvp.vert">
      <Filter>Shaders\text\generic</Filter>
    </None>
    <None Include="shaders\text\generic\noise.frag">
      <Filter>Shaders\text\generic</Filter>
    </None>
    <None Include="shaders\text\generic\normals.frag">
      <Filter>Shaders\text\generic</Filter>
    </None>
    <None Include="shaders\text\generic\random_patterns.frag">
      <Filter>Shaders\text\generic</Filter>
    </None>
    <None Include="shaders\text\generic\uvs.frag">
      <Filter>Shaders\text\generic</Filter>
    </None>
    <None Include="shaders\text\scene\cube.frag">
      <Filter>Shaders\text\scene</Filter>
    </None>
    <None Include="shaders\text\scene\cube.vert">
      <Filter>Shaders\text\scene</Filter>
    </None>
    <None Include="shaders\text\default_lit.frag">
      <Filter>Shaders\text</Filter>
    </None>
    <None Include="shaders\text\default_lit.vert">
      <Filter>Shaders\text</Filter>
    </None>
    <None Include="shaders\text\generic\textured.frag">
      <Filter>Shaders\text\generic</Filter>
    </None>
    <None Include="shaders\text\generic\textured.vert">
      <Filter>Shaders\text\generic</Filter>
    </None>
    <None Include="shaders\text\generic\shadow_map.frag">
      <Filter>Shaders\text\generic</Filter>
    </None>
    <None Include="shaders\text\generic\shadow_map.vert">
      <Filter>Shaders\text\generic</Filter>
    </None>
    <None Include="shaders\text\generic\textured_depth.frag">
      <Filter>Shaders\text\generic</Filter>
    </None>
    <None Include="shaders\text\generic\texpainter.frag">
      <Filter>Shaders\text\generic</Filter>
    </None>
    <None Include="shaders\text\generic\texpainter.vert">
      <Filter>Shaders\text\generic</Filter>
    </None>
  </ItemGroup>
</Project>